
Microsoft Visual Studio Solution File, Format Version 12.00
# Visual Studio Version 17
VisualStudioVersion = 17.14.36603.0
MinimumVisualStudioVersion = 10.0.40219.1
Project("{FAE04EC0-301F-11D3-BF4B-00C04F79EFBC}") = "DataStructuresConsole", "DataStructuresConsole\DataStructuresConsole.csproj", "{6649E09E-2638-45B4-86B8-C7978D30449C}"
EndProject
Project("{FAE04EC0-301F-11D3-BF4B-00C04F79EFBC}") = "LogicBuilding", "LogicBuilding\LogicBuilding.csproj", "{C4C112A3-F05B-44FA-801C-770A75ED4A76}"
EndProject
Global
	GlobalSection(SolutionConfigurationPlatforms) = preSolution
		Debug|Any CPU = Debug|Any CPU
		Release|Any CPU = Release|Any CPU
	EndGlobalSection
	GlobalSection(ProjectConfigurationPlatforms) = postSolution
		{6649E09E-2638-45B4-86B8-C7978D30449C}.Debug|Any CPU.ActiveCfg = Debug|Any CPU
		{6649E09E-2638-45B4-86B8-C7978D30449C}.Debug|Any CPU.Build.0 = Debug|Any CPU
		{6649E09E-2638-45B4-86B8-C7978D30449C}.Release|Any CPU.ActiveCfg = Release|Any CPU
		{6649E09E-2638-45B4-86B8-C7978D30449C}.Release|Any CPU.Build.0 = Release|Any CPU
		{C4C112A3-F05B-44FA-801C-770A75ED4A76}.Debug|Any CPU.ActiveCfg = Debug|Any CPU
		{C4C112A3-F05B-44FA-801C-770A75ED4A76}.Debug|Any CPU.Build.0 = Debug|Any CPU
		{C4C112A3-F05B-44FA-801C-770A75ED4A76}.Release|Any CPU.ActiveCfg = Release|Any CPU
		{C4C112A3-F05B-44FA-801C-770A75ED4A76}.Release|Any CPU.Build.0 = Release|Any CPU
	EndGlobalSection
	GlobalSection(SolutionProperties) = preSolution
		HideSolutionNode = FALSE
	EndGlobalSection
	GlobalSection(ExtensibilityGlobals) = postSolution
		SolutionGuid = {6519C4CE-A4C0-49DE-BBEB-98716368B849}
	EndGlobalSection
EndGlobal
